
Microsoft Visual Studio Solution File, Format Version 12.00
# Visual Studio Version 17
VisualStudioVersion = 17.3.32825.248
MinimumVisualStudioVersion = 10.0.40219.1
Project("{FAE04EC0-301F-11D3-BF4B-00C04F79EFBC}") = "Advent of Code 2022", "Advent of Code 2022\Advent of Code 2022.csproj", "{56E782D7-2878-4E43-9756-0A76E40EBE2C}"
EndProject
Global
	GlobalSection(SolutionConfigurationPlatforms) = preSolution
		Debug|Any CPU = Debug|Any CPU
		Release|Any CPU = Release|Any CPU
	EndGlobalSection
	GlobalSection(ProjectConfigurationPlatforms) = postSolution
		{56E782D7-2878-4E43-9756-0A76E40EBE2C}.Debug|Any CPU.ActiveCfg = Debug|Any CPU
		{56E782D7-2878-4E43-9756-0A76E40EBE2C}.Debug|Any CPU.Build.0 = Debug|Any CPU
		{56E782D7-2878-4E43-9756-0A76E40EBE2C}.Release|Any CPU.ActiveCfg = Release|Any CPU
		{56E782D7-2878-4E43-9756-0A76E40EBE2C}.Release|Any CPU.Build.0 = Release|Any CPU
	EndGlobalSection
	GlobalSection(SolutionProperties) = preSolution
		HideSolutionNode = FALSE
	EndGlobalSection
	GlobalSection(ExtensibilityGlobals) = postSolution
		SolutionGuid = {F304DABF-770D-494E-82BF-44AD87DC8869}
	EndGlobalSection
EndGlobal
